
Microsoft Visual Studio Solution File, Format Version 12.00
# Visual Studio 15
Project("{FAE04EC0-301F-11D3-BF4B-00C04F79EFBC}") = "Unity.Timeline", "Unity.Timeline.csproj", "{09938DA3-70BC-B77A-0FAF-8AAD2E59C2E6}"
EndProject
Project("{FAE04EC0-301F-11D3-BF4B-00C04F79EFBC}") = "Unity.Timeline.Editor", "Unity.Timeline.Editor.csproj", "{757C3ADE-D928-2DBD-A1D1-5B19361E95DB}"
EndProject
Project("{FAE04EC0-301F-11D3-BF4B-00C04F79EFBC}") = "Unity.TextMeshPro.Editor", "Unity.TextMeshPro.Editor.csproj", "{0C217C10-683D-1D98-419A-589097075944}"
EndProject
Project("{FAE04EC0-301F-11D3-BF4B-00C04F79EFBC}") = "Unity.2D.Aseprite.Editor", "Unity.2D.Aseprite.Editor.csproj", "{9900D7C2-5B75-8847-21CA-1771B9095669}"
EndProject
Project("{FAE04EC0-301F-11D3-BF4B-00C04F79EFBC}") = "Unity.VisualScripting.Flow", "Unity.VisualScripting.Flow.csproj", "{F724EB01-E8ED-C101-0B0B-0E79409F91DE}"
EndProject
Project("{FAE04EC0-301F-11D3-BF4B-00C04F79EFBC}") = "Unity.PlasticSCM.Editor", "Unity.PlasticSCM.Editor.csproj", "{FBD17E26-B1F3-D024-30F7-3FC9A8FCA93E}"
EndProject
Project("{FAE04EC0-301F-11D3-BF4B-00C04F79EFBC}") = "Unity.2D.Psdimporter.Editor", "Unity.2D.Psdimporter.Editor.csproj", "{1933FC26-6983-1200-E041-5FCC0493769D}"
EndProject
Project("{FAE04EC0-301F-11D3-BF4B-00C04F79EFBC}") = "Unity.VisualScripting.Core", "Unity.VisualScripting.Core.csproj", "{012B6617-CDB4-5EF5-C536-F7FEE083B9E2}"
EndProject
Project("{FAE04EC0-301F-11D3-BF4B-00C04F79EFBC}") = "Unity.Mathematics", "Unity.Mathematics.csproj", "{17C7D2C8-0C15-9D0B-1218-2B0697BB4356}"
EndProject
Project("{FAE04EC0-301F-11D3-BF4B-00C04F79EFBC}") = "Unity.2D.Animation.Editor", "Unity.2D.Animation.Editor.csproj", "{1EB4385B-3315-799D-3AD5-0CE47193B3D0}"
EndProject
Project("{FAE04EC0-301F-11D3-BF4B-00C04F79EFBC}") = "Unity.2D.Common.Path.Editor", "Unity.2D.Common.Path.Editor.csproj", "{C7330AAB-C705-AAD2-BC38-2AD112248952}"
EndProject
Project("{FAE04EC0-301F-11D3-BF4B-00C04F79EFBC}") = "Unity.VisualScripting.Core.Editor", "Unity.VisualScripting.Core.Editor.csproj", "{17274954-37FC-8252-927E-CC4006D62C1A}"
EndProject
Project("{FAE04EC0-301F-11D3-BF4B-00C04F79EFBC}") = "Unity.2D.IK.Runtime", "Unity.2D.IK.Runtime.csproj", "{62437F58-8336-A831-05DC-2E6E58D19FED}"
EndProject
Project("{FAE04EC0-301F-11D3-BF4B-00C04F79EFBC}") = "Unity.VisualScripting.Flow.Editor", "Unity.VisualScripting.Flow.Editor.csproj", "{1DF84A68-1A3A-E0E3-6A6C-444C16C69FD5}"
EndProject
Project("{FAE04EC0-301F-11D3-BF4B-00C04F79EFBC}") = "UnityEditor.TestRunner", "UnityEditor.TestRunner.csproj", "{A9011236-B0E9-7DB9-7E94-7E574B9A6FAC}"
EndProject
Project("{FAE04EC0-301F-11D3-BF4B-00C04F79EFBC}") = "Unity.VisualScripting.SettingsProvider.Editor", "Unity.VisualScripting.SettingsProvider.Editor.csproj", "{A79C7D12-F93F-AD8C-31FE-4ADEEFAF709F}"
EndProject
Project("{FAE04EC0-301F-11D3-BF4B-00C04F79EFBC}") = "UnityEngine.TestRunner", "UnityEngine.TestRunner.csproj", "{D7E15899-6471-6F77-22CF-41A3CCE4D4FC}"
EndProject
Project("{FAE04EC0-301F-11D3-BF4B-00C04F79EFBC}") = "PsdPlugin", "PsdPlugin.csproj", "{54DB8234-864E-E650-1283-30C543B1E8A5}"
EndProject
Project("{FAE04EC0-301F-11D3-BF4B-00C04F79EFBC}") = "Unity.Burst", "Unity.Burst.csproj", "{DD1D4746-AD28-6571-B3BE-AF5F6D982D23}"
EndProject
Project("{FAE04EC0-301F-11D3-BF4B-00C04F79EFBC}") = "Unity.2D.SpriteShape.Editor", "Unity.2D.SpriteShape.Editor.csproj", "{85B55E46-FB00-18AA-75D2-567AA50A6D76}"
EndProject
Project("{FAE04EC0-301F-11D3-BF4B-00C04F79EFBC}") = "Unity.Collections", "Unity.Collections.csproj", "{8CFF5ADC-6F4D-A36B-4C4F-2BEA3C4B0FBF}"
EndProject
Project("{FAE04EC0-301F-11D3-BF4B-00C04F79EFBC}") = "Unity.VisualStudio.Editor", "Unity.VisualStudio.Editor.csproj", "{1D7C7107-21D4-94AF-4FD3-D8C91F3F30BD}"
EndProject
Project("{FAE04EC0-301F-11D3-BF4B-00C04F79EFBC}") = "Unity.2D.Tilemap.Extras.Editor", "Unity.2D.Tilemap.Extras.Editor.csproj", "{7A35B940-240B-D8C0-3DE7-DB055505BCC5}"
EndProject
Project("{FAE04EC0-301F-11D3-BF4B-00C04F79EFBC}") = "Unity.Rider.Editor", "Unity.Rider.Editor.csproj", "{E8C17852-D3E8-4C3D-C8A7-C32F8749E4E2}"
EndProject
Project("{FAE04EC0-301F-11D3-BF4B-00C04F79EFBC}") = "Unity.InternalAPIEditorBridge.001", "Unity.InternalAPIEditorBridge.001.csproj", "{8BA48C9B-506E-A1B9-1A71-E332B805562F}"
EndProject
Project("{FAE04EC0-301F-11D3-BF4B-00C04F79EFBC}") = "Unity.2D.SpriteShape.Runtime", "Unity.2D.SpriteShape.Runtime.csproj", "{00AE61BC-9CFA-AFFC-63F1-AA136828C45B}"
EndProject
Project("{FAE04EC0-301F-11D3-BF4B-00C04F79EFBC}") = "Unity.VisualScripting.State.Editor", "Unity.VisualScripting.State.Editor.csproj", "{6FD22BE0-C386-822B-48B9-9F4A01AB2161}"
EndProject
Project("{FAE04EC0-301F-11D3-BF4B-00C04F79EFBC}") = "Unity.2D.Animation.Runtime", "Unity.2D.Animation.Runtime.csproj", "{026D7715-A4A1-6836-8CA0-905A30D09E1F}"
EndProject
Project("{FAE04EC0-301F-11D3-BF4B-00C04F79EFBC}") = "Unity.Burst.CodeGen", "Unity.Burst.CodeGen.csproj", "{1D33898D-1D4B-A3E8-CB24-75CB1375AFEB}"
EndProject
Project("{FAE04EC0-301F-11D3-BF4B-00C04F79EFBC}") = "Unity.2D.Tilemap.Extras", "Unity.2D.Tilemap.Extras.csproj", "{01F36EBF-55D3-2461-1F03-7EBE52F84A5A}"
EndProject
Project("{FAE04EC0-301F-11D3-BF4B-00C04F79EFBC}") = "Unity.VisualScripting.State", "Unity.VisualScripting.State.csproj", "{80DAF1E6-7998-D9F8-47D8-FFAA64E8666A}"
EndProject
Project("{FAE04EC0-301F-11D3-BF4B-00C04F79EFBC}") = "Unity.TextMeshPro", "Unity.TextMeshPro.csproj", "{21155C56-D307-7EC2-7D9C-3BBB53429C74}"
EndProject
Project("{FAE04EC0-301F-11D3-BF4B-00C04F79EFBC}") = "Unity.2D.Aseprite.Common", "Unity.2D.Aseprite.Common.csproj", "{847FCB29-F351-0AAB-DA67-DDA6B65C870C}"
EndProject
Project("{FAE04EC0-301F-11D3-BF4B-00C04F79EFBC}") = "Unity.2D.IK.Editor", "Unity.2D.IK.Editor.csproj", "{3549238A-FAE2-3595-939B-B4714085B93B}"
EndProject
Project("{FAE04EC0-301F-11D3-BF4B-00C04F79EFBC}") = "Unity.InternalAPIEngineBridge.001", "Unity.InternalAPIEngineBridge.001.csproj", "{EA664CA1-E23C-3687-32D8-52F8C03F10B2}"
EndProject
Project("{FAE04EC0-301F-11D3-BF4B-00C04F79EFBC}") = "Unity.Burst.Editor", "Unity.Burst.Editor.csproj", "{E586670E-908E-1AA9-1AD9-6F8C02138FE4}"
EndProject
Project("{FAE04EC0-301F-11D3-BF4B-00C04F79EFBC}") = "Unity.2D.Common.Editor", "Unity.2D.Common.Editor.csproj", "{A738C666-0D3A-3FE0-C2D7-932A8D90970D}"
EndProject
Project("{FAE04EC0-301F-11D3-BF4B-00C04F79EFBC}") = "Unity.2D.PixelPerfect", "Unity.2D.PixelPerfect.csproj", "{20309C41-9F79-A7C5-15EC-8CD7FFB79064}"
EndProject
Project("{FAE04EC0-301F-11D3-BF4B-00C04F79EFBC}") = "Unity.2D.PixelPerfect.Editor", "Unity.2D.PixelPerfect.Editor.csproj", "{6667AD24-B1D8-B566-3946-DA21CD84A3D3}"
EndProject
Project("{FAE04EC0-301F-11D3-BF4B-00C04F79EFBC}") = "Unity.2D.Common.Runtime", "Unity.2D.Common.Runtime.csproj", "{74E5ED49-6F99-2F18-C40B-59728A5FDE35}"
EndProject
Project("{FAE04EC0-301F-11D3-BF4B-00C04F79EFBC}") = "Unity.Mathematics.Editor", "Unity.Mathematics.Editor.csproj", "{5615D898-E3D3-FCA4-1D62-A97299C1E771}"
EndProject
Project("{FAE04EC0-301F-11D3-BF4B-00C04F79EFBC}") = "Assembly-CSharp", "Assembly-CSharp.csproj", "{97B6CC70-04B4-8165-EDC0-1DECCDBD9806}"
EndProject
Project("{FAE04EC0-301F-11D3-BF4B-00C04F79EFBC}") = "Unity.Collections.BurstCompatibilityGen", "Unity.Collections.BurstCompatibilityGen.csproj", "{6D15477F-7F46-C477-FD0C-AA9D44144915}"
EndProject
Project("{FAE04EC0-301F-11D3-BF4B-00C04F79EFBC}") = "Unity.InternalAPIEditorBridge.005", "Unity.InternalAPIEditorBridge.005.csproj", "{25829607-598E-8E74-B356-DBCE6BB94807}"
EndProject
Project("{FAE04EC0-301F-11D3-BF4B-00C04F79EFBC}") = "Unity.VisualScripting.Shared.Editor", "Unity.VisualScripting.Shared.Editor.csproj", "{E4B10A30-24D8-B508-0CA4-F1A252E8AD99}"
EndProject
Project("{FAE04EC0-301F-11D3-BF4B-00C04F79EFBC}") = "Unity.Collections.DocCodeSamples", "Unity.Collections.DocCodeSamples.csproj", "{46EE51D0-2B62-8162-C888-553CC889A8EF}"
EndProject
Project("{FAE04EC0-301F-11D3-BF4B-00C04F79EFBC}") = "Unity.CollabProxy.Editor", "Unity.CollabProxy.Editor.csproj", "{FF562788-28E6-9D30-785E-4EDCF9FF0EEF}"
EndProject
Global
	GlobalSection(SolutionConfigurationPlatforms) = preSolution
		Debug|Any CPU = Debug|Any CPU
		Release|Any CPU = Release|Any CPU
	EndGlobalSection
	GlobalSection(ProjectConfigurationPlatforms) = postSolution
		{09938DA3-70BC-B77A-0FAF-8AAD2E59C2E6}.Debug|Any CPU.ActiveCfg = Debug|Any CPU
		{09938DA3-70BC-B77A-0FAF-8AAD2E59C2E6}.Debug|Any CPU.Build.0 = Debug|Any CPU
		{09938DA3-70BC-B77A-0FAF-8AAD2E59C2E6}.Release|Any CPU.ActiveCfg = Release|Any CPU
		{09938DA3-70BC-B77A-0FAF-8AAD2E59C2E6}.Release|Any CPU.Build.0 = Release|Any CPU
		{757C3ADE-D928-2DBD-A1D1-5B19361E95DB}.Debug|Any CPU.ActiveCfg = Debug|Any CPU
		{757C3ADE-D928-2DBD-A1D1-5B19361E95DB}.Debug|Any CPU.Build.0 = Debug|Any CPU
		{757C3ADE-D928-2DBD-A1D1-5B19361E95DB}.Release|Any CPU.ActiveCfg = Release|Any CPU
		{757C3ADE-D928-2DBD-A1D1-5B19361E95DB}.Release|Any CPU.Build.0 = Release|Any CPU
		{0C217C10-683D-1D98-419A-589097075944}.Debug|Any CPU.ActiveCfg = Debug|Any CPU
		{0C217C10-683D-1D98-419A-589097075944}.Debug|Any CPU.Build.0 = Debug|Any CPU
		{0C217C10-683D-1D98-419A-589097075944}.Release|Any CPU.ActiveCfg = Release|Any CPU
		{0C217C10-683D-1D98-419A-589097075944}.Release|Any CPU.Build.0 = Release|Any CPU
		{9900D7C2-5B75-8847-21CA-1771B9095669}.Debug|Any CPU.ActiveCfg = Debug|Any CPU
		{9900D7C2-5B75-8847-21CA-1771B9095669}.Debug|Any CPU.Build.0 = Debug|Any CPU
		{9900D7C2-5B75-8847-21CA-1771B9095669}.Release|Any CPU.ActiveCfg = Release|Any CPU
		{9900D7C2-5B75-8847-21CA-1771B9095669}.Release|Any CPU.Build.0 = Release|Any CPU
		{F724EB01-E8ED-C101-0B0B-0E79409F91DE}.Debug|Any CPU.ActiveCfg = Debug|Any CPU
		{F724EB01-E8ED-C101-0B0B-0E79409F91DE}.Debug|Any CPU.Build.0 = Debug|Any CPU
		{F724EB01-E8ED-C101-0B0B-0E79409F91DE}.Release|Any CPU.ActiveCfg = Release|Any CPU
		{F724EB01-E8ED-C101-0B0B-0E79409F91DE}.Release|Any CPU.Build.0 = Release|Any CPU
		{FBD17E26-B1F3-D024-30F7-3FC9A8FCA93E}.Debug|Any CPU.ActiveCfg = Debug|Any CPU
		{FBD17E26-B1F3-D024-30F7-3FC9A8FCA93E}.Debug|Any CPU.Build.0 = Debug|Any CPU
		{FBD17E26-B1F3-D024-30F7-3FC9A8FCA93E}.Release|Any CPU.ActiveCfg = Release|Any CPU
		{FBD17E26-B1F3-D024-30F7-3FC9A8FCA93E}.Release|Any CPU.Build.0 = Release|Any CPU
		{1933FC26-6983-1200-E041-5FCC0493769D}.Debug|Any CPU.ActiveCfg = Debug|Any CPU
		{1933FC26-6983-1200-E041-5FCC0493769D}.Debug|Any CPU.Build.0 = Debug|Any CPU
		{1933FC26-6983-1200-E041-5FCC0493769D}.Release|Any CPU.ActiveCfg = Release|Any CPU
		{1933FC26-6983-1200-E041-5FCC0493769D}.Release|Any CPU.Build.0 = Release|Any CPU
		{012B6617-CDB4-5EF5-C536-F7FEE083B9E2}.Debug|Any CPU.ActiveCfg = Debug|Any CPU
		{012B6617-CDB4-5EF5-C536-F7FEE083B9E2}.Debug|Any CPU.Build.0 = Debug|Any CPU
		{012B6617-CDB4-5EF5-C536-F7FEE083B9E2}.Release|Any CPU.ActiveCfg = Release|Any CPU
		{012B6617-CDB4-5EF5-C536-F7FEE083B9E2}.Release|Any CPU.Build.0 = Release|Any CPU
		{17C7D2C8-0C15-9D0B-1218-2B0697BB4356}.Debug|Any CPU.ActiveCfg = Debug|Any CPU
		{17C7D2C8-0C15-9D0B-1218-2B0697BB4356}.Debug|Any CPU.Build.0 = Debug|Any CPU
		{17C7D2C8-0C15-9D0B-1218-2B0697BB4356}.Release|Any CPU.ActiveCfg = Release|Any CPU
		{17C7D2C8-0C15-9D0B-1218-2B0697BB4356}.Release|Any CPU.Build.0 = Release|Any CPU
		{1EB4385B-3315-799D-3AD5-0CE47193B3D0}.Debug|Any CPU.ActiveCfg = Debug|Any CPU
		{1EB4385B-3315-799D-3AD5-0CE47193B3D0}.Debug|Any CPU.Build.0 = Debug|Any CPU
		{1EB4385B-3315-799D-3AD5-0CE47193B3D0}.Release|Any CPU.ActiveCfg = Release|Any CPU
		{1EB4385B-3315-799D-3AD5-0CE47193B3D0}.Release|Any CPU.Build.0 = Release|Any CPU
		{C7330AAB-C705-AAD2-BC38-2AD112248952}.Debug|Any CPU.ActiveCfg = Debug|Any CPU
		{C7330AAB-C705-AAD2-BC38-2AD112248952}.Debug|Any CPU.Build.0 = Debug|Any CPU
		{C7330AAB-C705-AAD2-BC38-2AD112248952}.Release|Any CPU.ActiveCfg = Release|Any CPU
		{C7330AAB-C705-AAD2-BC38-2AD112248952}.Release|Any CPU.Build.0 = Release|Any CPU
		{17274954-37FC-8252-927E-CC4006D62C1A}.Debug|Any CPU.ActiveCfg = Debug|Any CPU
		{17274954-37FC-8252-927E-CC4006D62C1A}.Debug|Any CPU.Build.0 = Debug|Any CPU
		{17274954-37FC-8252-927E-CC4006D62C1A}.Release|Any CPU.ActiveCfg = Release|Any CPU
		{17274954-37FC-8252-927E-CC4006D62C1A}.Release|Any CPU.Build.0 = Release|Any CPU
		{62437F58-8336-A831-05DC-2E6E58D19FED}.Debug|Any CPU.ActiveCfg = Debug|Any CPU
		{62437F58-8336-A831-05DC-2E6E58D19FED}.Debug|Any CPU.Build.0 = Debug|Any CPU
		{62437F58-8336-A831-05DC-2E6E58D19FED}.Release|Any CPU.ActiveCfg = Release|Any CPU
		{62437F58-8336-A831-05DC-2E6E58D19FED}.Release|Any CPU.Build.0 = Release|Any CPU
		{1DF84A68-1A3A-E0E3-6A6C-444C16C69FD5}.Debug|Any CPU.ActiveCfg = Debug|Any CPU
		{1DF84A68-1A3A-E0E3-6A6C-444C16C69FD5}.Debug|Any CPU.Build.0 = Debug|Any CPU
		{1DF84A68-1A3A-E0E3-6A6C-444C16C69FD5}.Release|Any CPU.ActiveCfg = Release|Any CPU
		{1DF84A68-1A3A-E0E3-6A6C-444C16C69FD5}.Release|Any CPU.Build.0 = Release|Any CPU
		{A9011236-B0E9-7DB9-7E94-7E574B9A6FAC}.Debug|Any CPU.ActiveCfg = Debug|Any CPU
		{A9011236-B0E9-7DB9-7E94-7E574B9A6FAC}.Debug|Any CPU.Build.0 = Debug|Any CPU
		{A9011236-B0E9-7DB9-7E94-7E574B9A6FAC}.Release|Any CPU.ActiveCfg = Release|Any CPU
		{A9011236-B0E9-7DB9-7E94-7E574B9A6FAC}.Release|Any CPU.Build.0 = Release|Any CPU
		{A79C7D12-F93F-AD8C-31FE-4ADEEFAF709F}.Debug|Any CPU.ActiveCfg = Debug|Any CPU
		{A79C7D12-F93F-AD8C-31FE-4ADEEFAF709F}.Debug|Any CPU.Build.0 = Debug|Any CPU
		{A79C7D12-F93F-AD8C-31FE-4ADEEFAF709F}.Release|Any CPU.ActiveCfg = Release|Any CPU
		{A79C7D12-F93F-AD8C-31FE-4ADEEFAF709F}.Release|Any CPU.Build.0 = Release|Any CPU
		{D7E15899-6471-6F77-22CF-41A3CCE4D4FC}.Debug|Any CPU.ActiveCfg = Debug|Any CPU
		{D7E15899-6471-6F77-22CF-41A3CCE4D4FC}.Debug|Any CPU.Build.0 = Debug|Any CPU
		{D7E15899-6471-6F77-22CF-41A3CCE4D4FC}.Release|Any CPU.ActiveCfg = Release|Any CPU
		{D7E15899-6471-6F77-22CF-41A3CCE4D4FC}.Release|Any CPU.Build.0 = Release|Any CPU
		{54DB8234-864E-E650-1283-30C543B1E8A5}.Debug|Any CPU.ActiveCfg = Debug|Any CPU
		{54DB8234-864E-E650-1283-30C543B1E8A5}.Debug|Any CPU.Build.0 = Debug|Any CPU
		{54DB8234-864E-E650-1283-30C543B1E8A5}.Release|Any CPU.ActiveCfg = Release|Any CPU
		{54DB8234-864E-E650-1283-30C543B1E8A5}.Release|Any CPU.Build.0 = Release|Any CPU
		{DD1D4746-AD28-6571-B3BE-AF5F6D982D23}.Debug|Any CPU.ActiveCfg = Debug|Any CPU
		{DD1D4746-AD28-6571-B3BE-AF5F6D982D23}.Debug|Any CPU.Build.0 = Debug|Any CPU
		{DD1D4746-AD28-6571-B3BE-AF5F6D982D23}.Release|Any CPU.ActiveCfg = Release|Any CPU
		{DD1D4746-AD28-6571-B3BE-AF5F6D982D23}.Release|Any CPU.Build.0 = Release|Any CPU
		{85B55E46-FB00-18AA-75D2-567AA50A6D76}.Debug|Any CPU.ActiveCfg = Debug|Any CPU
		{85B55E46-FB00-18AA-75D2-567AA50A6D76}.Debug|Any CPU.Build.0 = Debug|Any CPU
		{85B55E46-FB00-18AA-75D2-567AA50A6D76}.Release|Any CPU.ActiveCfg = Release|Any CPU
		{85B55E46-FB00-18AA-75D2-567AA50A6D76}.Release|Any CPU.Build.0 = Release|Any CPU
		{8CFF5ADC-6F4D-A36B-4C4F-2BEA3C4B0FBF}.Debug|Any CPU.ActiveCfg = Debug|Any CPU
		{8CFF5ADC-6F4D-A36B-4C4F-2BEA3C4B0FBF}.Debug|Any CPU.Build.0 = Debug|Any CPU
		{8CFF5ADC-6F4D-A36B-4C4F-2BEA3C4B0FBF}.Release|Any CPU.ActiveCfg = Release|Any CPU
		{8CFF5ADC-6F4D-A36B-4C4F-2BEA3C4B0FBF}.Release|Any CPU.Build.0 = Release|Any CPU
		{1D7C7107-21D4-94AF-4FD3-D8C91F3F30BD}.Debug|Any CPU.ActiveCfg = Debug|Any CPU
		{1D7C7107-21D4-94AF-4FD3-D8C91F3F30BD}.Debug|Any CPU.Build.0 = Debug|Any CPU
		{1D7C7107-21D4-94AF-4FD3-D8C91F3F30BD}.Release|Any CPU.ActiveCfg = Release|Any CPU
		{1D7C7107-21D4-94AF-4FD3-D8C91F3F30BD}.Release|Any CPU.Build.0 = Release|Any CPU
		{7A35B940-240B-D8C0-3DE7-DB055505BCC5}.Debug|Any CPU.ActiveCfg = Debug|Any CPU
		{7A35B940-240B-D8C0-3DE7-DB055505BCC5}.Debug|Any CPU.Build.0 = Debug|Any CPU
		{7A35B940-240B-D8C0-3DE7-DB055505BCC5}.Release|Any CPU.ActiveCfg = Release|Any CPU
		{7A35B940-240B-D8C0-3DE7-DB055505BCC5}.Release|Any CPU.Build.0 = Release|Any CPU
		{E8C17852-D3E8-4C3D-C8A7-C32F8749E4E2}.Debug|Any CPU.ActiveCfg = Debug|Any CPU
		{E8C17852-D3E8-4C3D-C8A7-C32F8749E4E2}.Debug|Any CPU.Build.0 = Debug|Any CPU
		{E8C17852-D3E8-4C3D-C8A7-C32F8749E4E2}.Release|Any CPU.ActiveCfg = Release|Any CPU
		{E8C17852-D3E8-4C3D-C8A7-C32F8749E4E2}.Release|Any CPU.Build.0 = Release|Any CPU
		{8BA48C9B-506E-A1B9-1A71-E332B805562F}.Debug|Any CPU.ActiveCfg = Debug|Any CPU
		{8BA48C9B-506E-A1B9-1A71-E332B805562F}.Debug|Any CPU.Build.0 = Debug|Any CPU
		{8BA48C9B-506E-A1B9-1A71-E332B805562F}.Release|Any CPU.ActiveCfg = Release|Any CPU
		{8BA48C9B-506E-A1B9-1A71-E332B805562F}.Release|Any CPU.Build.0 = Release|Any CPU
		{00AE61BC-9CFA-AFFC-63F1-AA136828C45B}.Debug|Any CPU.ActiveCfg = Debug|Any CPU
		{00AE61BC-9CFA-AFFC-63F1-AA136828C45B}.Debug|Any CPU.Build.0 = Debug|Any CPU
		{00AE61BC-9CFA-AFFC-63F1-AA136828C45B}.Release|Any CPU.ActiveCfg = Release|Any CPU
		{00AE61BC-9CFA-AFFC-63F1-AA136828C45B}.Release|Any CPU.Build.0 = Release|Any CPU
		{6FD22BE0-C386-822B-48B9-9F4A01AB2161}.Debug|Any CPU.ActiveCfg = Debug|Any CPU
		{6FD22BE0-C386-822B-48B9-9F4A01AB2161}.Debug|Any CPU.Build.0 = Debug|Any CPU
		{6FD22BE0-C386-822B-48B9-9F4A01AB2161}.Release|Any CPU.ActiveCfg = Release|Any CPU
		{6FD22BE0-C386-822B-48B9-9F4A01AB2161}.Release|Any CPU.Build.0 = Release|Any CPU
		{026D7715-A4A1-6836-8CA0-905A30D09E1F}.Debug|Any CPU.ActiveCfg = Debug|Any CPU
		{026D7715-A4A1-6836-8CA0-905A30D09E1F}.Debug|Any CPU.Build.0 = Debug|Any CPU
		{026D7715-A4A1-6836-8CA0-905A30D09E1F}.Release|Any CPU.ActiveCfg = Release|Any CPU
		{026D7715-A4A1-6836-8CA0-905A30D09E1F}.Release|Any CPU.Build.0 = Release|Any CPU
		{1D33898D-1D4B-A3E8-CB24-75CB1375AFEB}.Debug|Any CPU.ActiveCfg = Debug|Any CPU
		{1D33898D-1D4B-A3E8-CB24-75CB1375AFEB}.Debug|Any CPU.Build.0 = Debug|Any CPU
		{1D33898D-1D4B-A3E8-CB24-75CB1375AFEB}.Release|Any CPU.ActiveCfg = Release|Any CPU
		{1D33898D-1D4B-A3E8-CB24-75CB1375AFEB}.Release|Any CPU.Build.0 = Release|Any CPU
		{01F36EBF-55D3-2461-1F03-7EBE52F84A5A}.Debug|Any CPU.ActiveCfg = Debug|Any CPU
		{01F36EBF-55D3-2461-1F03-7EBE52F84A5A}.Debug|Any CPU.Build.0 = Debug|Any CPU
		{01F36EBF-55D3-2461-1F03-7EBE52F84A5A}.Release|Any CPU.ActiveCfg = Release|Any CPU
		{01F36EBF-55D3-2461-1F03-7EBE52F84A5A}.Release|Any CPU.Build.0 = Release|Any CPU
		{80DAF1E6-7998-D9F8-47D8-FFAA64E8666A}.Debug|Any CPU.ActiveCfg = Debug|Any CPU
		{80DAF1E6-7998-D9F8-47D8-FFAA64E8666A}.Debug|Any CPU.Build.0 = Debug|Any CPU
		{80DAF1E6-7998-D9F8-47D8-FFAA64E8666A}.Release|Any CPU.ActiveCfg = Release|Any CPU
		{80DAF1E6-7998-D9F8-47D8-FFAA64E8666A}.Release|Any CPU.Build.0 = Release|Any CPU
		{21155C56-D307-7EC2-7D9C-3BBB53429C74}.Debug|Any CPU.ActiveCfg = Debug|Any CPU
		{21155C56-D307-7EC2-7D9C-3BBB53429C74}.Debug|Any CPU.Build.0 = Debug|Any CPU
		{21155C56-D307-7EC2-7D9C-3BBB53429C74}.Release|Any CPU.ActiveCfg = Release|Any CPU
		{21155C56-D307-7EC2-7D9C-3BBB53429C74}.Release|Any CPU.Build.0 = Release|Any CPU
		{847FCB29-F351-0AAB-DA67-DDA6B65C870C}.Debug|Any CPU.ActiveCfg = Debug|Any CPU
		{847FCB29-F351-0AAB-DA67-DDA6B65C870C}.Debug|Any CPU.Build.0 = Debug|Any CPU
		{847FCB29-F351-0AAB-DA67-DDA6B65C870C}.Release|Any CPU.ActiveCfg = Release|Any CPU
		{847FCB29-F351-0AAB-DA67-DDA6B65C870C}.Release|Any CPU.Build.0 = Release|Any CPU
		{3549238A-FAE2-3595-939B-B4714085B93B}.Debug|Any CPU.ActiveCfg = Debug|Any CPU
		{3549238A-FAE2-3595-939B-B4714085B93B}.Debug|Any CPU.Build.0 = Debug|Any CPU
		{3549238A-FAE2-3595-939B-B4714085B93B}.Release|Any CPU.ActiveCfg = Release|Any CPU
		{3549238A-FAE2-3595-939B-B4714085B93B}.Release|Any CPU.Build.0 = Release|Any CPU
		{EA664CA1-E23C-3687-32D8-52F8C03F10B2}.Debug|Any CPU.ActiveCfg = Debug|Any CPU
		{EA664CA1-E23C-3687-32D8-52F8C03F10B2}.Debug|Any CPU.Build.0 = Debug|Any CPU
		{EA664CA1-E23C-3687-32D8-52F8C03F10B2}.Release|Any CPU.ActiveCfg = Release|Any CPU
		{EA664CA1-E23C-3687-32D8-52F8C03F10B2}.Release|Any CPU.Build.0 = Release|Any CPU
		{E586670E-908E-1AA9-1AD9-6F8C02138FE4}.Debug|Any CPU.ActiveCfg = Debug|Any CPU
		{E586670E-908E-1AA9-1AD9-6F8C02138FE4}.Debug|Any CPU.Build.0 = Debug|Any CPU
		{E586670E-908E-1AA9-1AD9-6F8C02138FE4}.Release|Any CPU.ActiveCfg = Release|Any CPU
		{E586670E-908E-1AA9-1AD9-6F8C02138FE4}.Release|Any CPU.Build.0 = Release|Any CPU
		{A738C666-0D3A-3FE0-C2D7-932A8D90970D}.Debug|Any CPU.ActiveCfg = Debug|Any CPU
		{A738C666-0D3A-3FE0-C2D7-932A8D90970D}.Debug|Any CPU.Build.0 = Debug|Any CPU
		{A738C666-0D3A-3FE0-C2D7-932A8D90970D}.Release|Any CPU.ActiveCfg = Release|Any CPU
		{A738C666-0D3A-3FE0-C2D7-932A8D90970D}.Release|Any CPU.Build.0 = Release|Any CPU
		{20309C41-9F79-A7C5-15EC-8CD7FFB79064}.Debug|Any CPU.ActiveCfg = Debug|Any CPU
		{20309C41-9F79-A7C5-15EC-8CD7FFB79064}.Debug|Any CPU.Build.0 = Debug|Any CPU
		{20309C41-9F79-A7C5-15EC-8CD7FFB79064}.Release|Any CPU.ActiveCfg = Release|Any CPU
		{20309C41-9F79-A7C5-15EC-8CD7FFB79064}.Release|Any CPU.Build.0 = Release|Any CPU
		{6667AD24-B1D8-B566-3946-DA21CD84A3D3}.Debug|Any CPU.ActiveCfg = Debug|Any CPU
		{6667AD24-B1D8-B566-3946-DA21CD84A3D3}.Debug|Any CPU.Build.0 = Debug|Any CPU
		{6667AD24-B1D8-B566-3946-DA21CD84A3D3}.Release|Any CPU.ActiveCfg = Release|Any CPU
		{6667AD24-B1D8-B566-3946-DA21CD84A3D3}.Release|Any CPU.Build.0 = Release|Any CPU
		{74E5ED49-6F99-2F18-C40B-59728A5FDE35}.Debug|Any CPU.ActiveCfg = Debug|Any CPU
		{74E5ED49-6F99-2F18-C40B-59728A5FDE35}.Debug|Any CPU.Build.0 = Debug|Any CPU
		{74E5ED49-6F99-2F18-C40B-59728A5FDE35}.Release|Any CPU.ActiveCfg = Release|Any CPU
		{74E5ED49-6F99-2F18-C40B-59728A5FDE35}.Release|Any CPU.Build.0 = Release|Any CPU
		{5615D898-E3D3-FCA4-1D62-A97299C1E771}.Debug|Any CPU.ActiveCfg = Debug|Any CPU
		{5615D898-E3D3-FCA4-1D62-A97299C1E771}.Debug|Any CPU.Build.0 = Debug|Any CPU
		{5615D898-E3D3-FCA4-1D62-A97299C1E771}.Release|Any CPU.ActiveCfg = Release|Any CPU
		{5615D898-E3D3-FCA4-1D62-A97299C1E771}.Release|Any CPU.Build.0 = Release|Any CPU
		{97B6CC70-04B4-8165-EDC0-1DECCDBD9806}.Debug|Any CPU.ActiveCfg = Debug|Any CPU
		{97B6CC70-04B4-8165-EDC0-1DECCDBD9806}.Debug|Any CPU.Build.0 = Debug|Any CPU
		{97B6CC70-04B4-8165-EDC0-1DECCDBD9806}.Release|Any CPU.ActiveCfg = Release|Any CPU
		{97B6CC70-04B4-8165-EDC0-1DECCDBD9806}.Release|Any CPU.Build.0 = Release|Any CPU
		{6D15477F-7F46-C477-FD0C-AA9D44144915}.Debug|Any CPU.ActiveCfg = Debug|Any CPU
		{6D15477F-7F46-C477-FD0C-AA9D44144915}.Debug|Any CPU.Build.0 = Debug|Any CPU
		{6D15477F-7F46-C477-FD0C-AA9D44144915}.Release|Any CPU.ActiveCfg = Release|Any CPU
		{6D15477F-7F46-C477-FD0C-AA9D44144915}.Release|Any CPU.Build.0 = Release|Any CPU
		{25829607-598E-8E74-B356-DBCE6BB94807}.Debug|Any CPU.ActiveCfg = Debug|Any CPU
		{25829607-598E-8E74-B356-DBCE6BB94807}.Debug|Any CPU.Build.0 = Debug|Any CPU
		{25829607-598E-8E74-B356-DBCE6BB94807}.Release|Any CPU.ActiveCfg = Release|Any CPU
		{25829607-598E-8E74-B356-DBCE6BB94807}.Release|Any CPU.Build.0 = Release|Any CPU
		{E4B10A30-24D8-B508-0CA4-F1A252E8AD99}.Debug|Any CPU.ActiveCfg = Debug|Any CPU
		{E4B10A30-24D8-B508-0CA4-F1A252E8AD99}.Debug|Any CPU.Build.0 = Debug|Any CPU
		{E4B10A30-24D8-B508-0CA4-F1A252E8AD99}.Release|Any CPU.ActiveCfg = Release|Any CPU
		{E4B10A30-24D8-B508-0CA4-F1A252E8AD99}.Release|Any CPU.Build.0 = Release|Any CPU
		{46EE51D0-2B62-8162-C888-553CC889A8EF}.Debug|Any CPU.ActiveCfg = Debug|Any CPU
		{46EE51D0-2B62-8162-C888-553CC889A8EF}.Debug|Any CPU.Build.0 = Debug|Any CPU
		{46EE51D0-2B62-8162-C888-553CC889A8EF}.Release|Any CPU.ActiveCfg = Release|Any CPU
		{46EE51D0-2B62-8162-C888-553CC889A8EF}.Release|Any CPU.Build.0 = Release|Any CPU
		{FF562788-28E6-9D30-785E-4EDCF9FF0EEF}.Debug|Any CPU.ActiveCfg = Debug|Any CPU
		{FF562788-28E6-9D30-785E-4EDCF9FF0EEF}.Debug|Any CPU.Build.0 = Debug|Any CPU
		{FF562788-28E6-9D30-785E-4EDCF9FF0EEF}.Release|Any CPU.ActiveCfg = Release|Any CPU
		{FF562788-28E6-9D30-785E-4EDCF9FF0EEF}.Release|Any CPU.Build.0 = Release|Any CPU
	EndGlobalSection
	GlobalSection(SolutionProperties) = preSolution
		HideSolutionNode = FALSE
	EndGlobalSection
EndGlobal
